{
  "requires": true,
  "lockfileVersion": 1,
  "dependencies": {
    "react-hook-form": {
      "version": "6.8.4",
      "resolved": "https://registry.npmjs.org/react-hook-form/-/react-hook-form-6.8.4.tgz",
      "integrity": "sha512-qFd5SPPQUZWe+yXF6yjuJXKK8cLXywrzQuw74nL1jptW9Fad4HsEzfh+53Jg3c5TFPIwdIxrMNUvQfd0/p1y/w=="
    }
  }
}
